{
  "name": "freshcart-frontend",
  "version": "1.0.0",
  "lockfileVersion": 3,
  "requires": true,
  "packages": {
    "": {
      "name": "freshcart-frontend",
      "version": "1.0.0",
      "license": "UNLICENSED",
      "dependencies": {
        "clsx": "^2.1.1",
        "lucide-react": "^0.395.0",
        "next": "14.2.4",
        "react": "^18.3.1",
        "react-dom": "^18.3.1",
        "tailwind-merge": "^2.3.0"
      },
      "devDependencies": {
        "@types/node": "^20.14.2",
        "@types/react": "^18.3.3",
        "@types/react-dom": "^18.3.0",
        "autoprefixer": "^10.4.19",
        "postcss": "^8.4.38",
        "tailwindcss": "^3.4.4",
        "typescript": "^5.4.5"
      }
    },
    "node_modules/clsx": {
      "version": "2.1.1",
      "resolved": "https://registry.npmjs.org/clsx/-/clsx-2.1.1.tgz",
      "integrity": "sha512-6RfvPyBcBbFYzkH8XYSpWGwSfxTQ20HT2F+OzU8bk6sWc42U05udM49te94qX8AUYU25R5Mq10F27N/BoYCMcQ=="
    },
    "node_modules/lucide-react": {
      "version": "0.395.0",
      "resolved": "https://registry.npmjs.org/lucide-react/-/lucide-react-0.395.0.tgz",
      "integrity": "sha512-Y3P1Uu3k5vOQ7Y5R53Wz1/eXlWkS7a0wOa9g42kK3B2h72v4Vd0B+8mQ7f6E0v5x7Q4yqj3q1K5G8g8lJg=="
    },
    "node_modules/next": {
      "version": "14.2.4",
      "resolved": "https://registry.npmjs.org/next/-/next-14.2.4.tgz",
      "integrity": "sha512-R8cIqNf+wK7zM6W/0aH8hNq8r0oB3N5x6v48Jd11q0v6wO+qjP8Q6m6E2m6a6b/7c4b0G1W9i7+j2k3A7A=="
    },
    "node_modules/react": {
      "version": "18.3.1",
      "resolved": "https://registry.npmjs.org/react/-/react-18.3.1.tgz",
      "integrity": "sha512-wS+hAgJShR0KhEvPJArfuPVN1+Hz1t0Y6n5jLrGQbkb4urgPE/0Rve+1kMB1v/oWgHgm4WDOrUN98240RV2hFQ=="
    },
    "node_modules/react-dom": {
      "version": "18.3.1",
      "resolved": "https://registry.npmjs.org/react-dom/-/react-dom-18.3.1.tgz",
      "integrity": "sha512-5m4nNXXYQPSv9ZybxsZZVCt12h75zyBp3xxT379dBNAb+AO+PzybYrevv115E4P2hEKXgTqGqgk30jOPqJQqsw=="
    },
    "node_modules/tailwind-merge": {
      "version": "2.3.0",
      "resolved": "https://registry.npmjs.org/tailwind-merge/-/tailwind-merge-2.3.0.tgz",
      "integrity": "sha512-4PNT3rGgM8t9tFv4V8lV2z87H8mYV1P5x0k5s6X3d7c5m2v8Z5Q4n0Q7h3c6v2n4v0c3v4x2d7c5m2v8Z=="
    }
  }
}
